
Microsoft Visual Studio Solution File, Format Version 12.00
# Visual Studio Version 17
VisualStudioVersion = 17.0.31903.59
MinimumVisualStudioVersion = 10.0.40219.1
Project("{9A19103F-16F7-4668-BE54-9A1E7A4F7556}") = "SingleWindowSystem", "SingleWindowSystem\SingleWindowSystem.csproj", "{402E2AAC-696C-44BD-9A42-59B28B106D73}"
EndProject
Global
	GlobalSection(SolutionConfigurationPlatforms) = preSolution
		Debug|Any CPU = Debug|Any CPU
		Release|Any CPU = Release|Any CPU
	EndGlobalSection
	GlobalSection(ProjectConfigurationPlatforms) = postSolution
		{402E2AAC-696C-44BD-9A42-59B28B106D73}.Debug|Any CPU.ActiveCfg = Debug|Any CPU
		{402E2AAC-696C-44BD-9A42-59B28B106D73}.Debug|Any CPU.Build.0 = Debug|Any CPU
		{402E2AAC-696C-44BD-9A42-59B28B106D73}.Release|Any CPU.ActiveCfg = Release|Any CPU
		{402E2AAC-696C-44BD-9A42-59B28B106D73}.Release|Any CPU.Build.0 = Release|Any CPU
	EndGlobalSection
	GlobalSection(SolutionProperties) = preSolution
		HideSolutionNode = FALSE
	EndGlobalSection
	GlobalSection(ExtensibilityGlobals) = postSolution
		SolutionGuid = {7B686D5C-BC34-4F7A-A568-8FB1F8218451}
	EndGlobalSection
EndGlobal
